
Microsoft Visual Studio Solution File, Format Version 12.00
# Visual Studio 14
VisualStudioVersion = 14.0.23107.0
MinimumVisualStudioVersion = 10.0.40219.1
Project("{8BC9CEB8-8B4A-11D0-8D11-00A0C91BC942}") = "BasicWindow", "BasicWindow\BasicWindow.vcxproj", "{2F9F2FCF-D59E-44F7-84D9-2BFF2A590022}"
EndProject
Project("{8BC9CEB8-8B4A-11D0-8D11-00A0C91BC942}") = "Basic3DModel", "Basic3DModel\Basic3DModel.vcxproj", "{5C82FA39-47E4-48BD-9A43-7240AE02941C}"
EndProject
Project("{8BC9CEB8-8B4A-11D0-8D11-00A0C91BC942}") = "BasicUserMovement", "BasicUserMovement\BasicUserMovement.vcxproj", "{D1558C61-CC41-4FF3-87DF-91709630F768}"
EndProject
Project("{8BC9CEB8-8B4A-11D0-8D11-00A0C91BC942}") = "ModelTextureMovement", "ModelTextureMovement\ModelTextureMovement.vcxproj", "{AA43137A-838B-4B66-863B-78BF55DF3C99}"
EndProject
Project("{8BC9CEB8-8B4A-11D0-8D11-00A0C91BC942}") = "SpriteMovement", "SpriteMovement\SpriteMovement.vcxproj", "{75415B5C-3E01-4580-BEBE-133EAA188E5C}"
EndProject
Global
	GlobalSection(SolutionConfigurationPlatforms) = preSolution
		Debug|x64 = Debug|x64
		Debug|x86 = Debug|x86
		Release|x64 = Release|x64
		Release|x86 = Release|x86
	EndGlobalSection
	GlobalSection(ProjectConfigurationPlatforms) = postSolution
		{2F9F2FCF-D59E-44F7-84D9-2BFF2A590022}.Debug|x64.ActiveCfg = Debug|x64
		{2F9F2FCF-D59E-44F7-84D9-2BFF2A590022}.Debug|x64.Build.0 = Debug|x64
		{2F9F2FCF-D59E-44F7-84D9-2BFF2A590022}.Debug|x86.ActiveCfg = Debug|Win32
		{2F9F2FCF-D59E-44F7-84D9-2BFF2A590022}.Debug|x86.Build.0 = Debug|Win32
		{2F9F2FCF-D59E-44F7-84D9-2BFF2A590022}.Release|x64.ActiveCfg = Release|x64
		{2F9F2FCF-D59E-44F7-84D9-2BFF2A590022}.Release|x64.Build.0 = Release|x64
		{2F9F2FCF-D59E-44F7-84D9-2BFF2A590022}.Release|x86.ActiveCfg = Release|Win32
		{2F9F2FCF-D59E-44F7-84D9-2BFF2A590022}.Release|x86.Build.0 = Release|Win32
		{5C82FA39-47E4-48BD-9A43-7240AE02941C}.Debug|x64.ActiveCfg = Debug|x64
		{5C82FA39-47E4-48BD-9A43-7240AE02941C}.Debug|x64.Build.0 = Debug|x64
		{5C82FA39-47E4-48BD-9A43-7240AE02941C}.Debug|x86.ActiveCfg = Debug|Win32
		{5C82FA39-47E4-48BD-9A43-7240AE02941C}.Debug|x86.Build.0 = Debug|Win32
		{5C82FA39-47E4-48BD-9A43-7240AE02941C}.Release|x64.ActiveCfg = Release|x64
		{5C82FA39-47E4-48BD-9A43-7240AE02941C}.Release|x64.Build.0 = Release|x64
		{5C82FA39-47E4-48BD-9A43-7240AE02941C}.Release|x86.ActiveCfg = Release|Win32
		{5C82FA39-47E4-48BD-9A43-7240AE02941C}.Release|x86.Build.0 = Release|Win32
		{D1558C61-CC41-4FF3-87DF-91709630F768}.Debug|x64.ActiveCfg = Debug|x64
		{D1558C61-CC41-4FF3-87DF-91709630F768}.Debug|x64.Build.0 = Debug|x64
		{D1558C61-CC41-4FF3-87DF-91709630F768}.Debug|x86.ActiveCfg = Debug|Win32
		{D1558C61-CC41-4FF3-87DF-91709630F768}.Debug|x86.Build.0 = Debug|Win32
		{D1558C61-CC41-4FF3-87DF-91709630F768}.Release|x64.ActiveCfg = Release|x64
		{D1558C61-CC41-4FF3-87DF-91709630F768}.Release|x64.Build.0 = Release|x64
		{D1558C61-CC41-4FF3-87DF-91709630F768}.Release|x86.ActiveCfg = Release|Win32
		{D1558C61-CC41-4FF3-87DF-91709630F768}.Release|x86.Build.0 = Release|Win32
		{AA43137A-838B-4B66-863B-78BF55DF3C99}.Debug|x64.ActiveCfg = Debug|x64
		{AA43137A-838B-4B66-863B-78BF55DF3C99}.Debug|x64.Build.0 = Debug|x64
		{AA43137A-838B-4B66-863B-78BF55DF3C99}.Debug|x86.ActiveCfg = Debug|Win32
		{AA43137A-838B-4B66-863B-78BF55DF3C99}.Debug|x86.Build.0 = Debug|Win32
		{AA43137A-838B-4B66-863B-78BF55DF3C99}.Release|x64.ActiveCfg = Release|x64
		{AA43137A-838B-4B66-863B-78BF55DF3C99}.Release|x64.Build.0 = Release|x64
		{AA43137A-838B-4B66-863B-78BF55DF3C99}.Release|x86.ActiveCfg = Release|Win32
		{AA43137A-838B-4B66-863B-78BF55DF3C99}.Release|x86.Build.0 = Release|Win32
		{75415B5C-3E01-4580-BEBE-133EAA188E5C}.Debug|x64.ActiveCfg = Debug|x64
		{75415B5C-3E01-4580-BEBE-133EAA188E5C}.Debug|x64.Build.0 = Debug|x64
		{75415B5C-3E01-4580-BEBE-133EAA188E5C}.Debug|x86.ActiveCfg = Debug|Win32
		{75415B5C-3E01-4580-BEBE-133EAA188E5C}.Debug|x86.Build.0 = Debug|Win32
		{75415B5C-3E01-4580-BEBE-133EAA188E5C}.Release|x64.ActiveCfg = Release|x64
		{75415B5C-3E01-4580-BEBE-133EAA188E5C}.Release|x64.Build.0 = Release|x64
		{75415B5C-3E01-4580-BEBE-133EAA188E5C}.Release|x86.ActiveCfg = Release|Win32
		{75415B5C-3E01-4580-BEBE-133EAA188E5C}.Release|x86.Build.0 = Release|Win32
	EndGlobalSection
	GlobalSection(SolutionProperties) = preSolution
		HideSolutionNode = FALSE
	EndGlobalSection
EndGlobal
